
Microsoft Visual Studio Solution File, Format Version 12.00
# Visual Studio 15
VisualStudioVersion = 15.0.27428.2037
MinimumVisualStudioVersion = 10.0.40219.1
Project("{E24C65DC-7377-472B-9ABA-BC803B73C61A}") = "trunk", ".", "{89E55F97-D1D8-4B4A-B111-1BFF51A690F7}"
	ProjectSection(WebsiteProperties) = preProject
		TargetFrameworkMoniker = ".NETFramework,Version%3Dv4.0"
		Debug.AspNetCompiler.VirtualPath = "/localhost_57498"
		Debug.AspNetCompiler.PhysicalPath = "..\trunk\"
		Debug.AspNetCompiler.TargetPath = "PrecompiledWeb\localhost_57498\"
		Debug.AspNetCompiler.Updateable = "true"
		Debug.AspNetCompiler.ForceOverwrite = "true"
		Debug.AspNetCompiler.FixedNames = "false"
		Debug.AspNetCompiler.Debug = "True"
		Release.AspNetCompiler.VirtualPath = "/localhost_57498"
		Release.AspNetCompiler.PhysicalPath = "..\trunk\"
		Release.AspNetCompiler.TargetPath = "PrecompiledWeb\localhost_57498\"
		Release.AspNetCompiler.Updateable = "true"
		Release.AspNetCompiler.ForceOverwrite = "true"
		Release.AspNetCompiler.FixedNames = "false"
		Release.AspNetCompiler.Debug = "False"
		VWDPort = "57498"
		SlnRelativePath = "..\trunk\"
	EndProjectSection
EndProject
Global
	GlobalSection(SolutionConfigurationPlatforms) = preSolution
		Debug|Any CPU = Debug|Any CPU
	EndGlobalSection
	GlobalSection(ProjectConfigurationPlatforms) = postSolution
		{89E55F97-D1D8-4B4A-B111-1BFF51A690F7}.Debug|Any CPU.ActiveCfg = Debug|Any CPU
		{89E55F97-D1D8-4B4A-B111-1BFF51A690F7}.Debug|Any CPU.Build.0 = Debug|Any CPU
	EndGlobalSection
	GlobalSection(SolutionProperties) = preSolution
		HideSolutionNode = FALSE
	EndGlobalSection
	GlobalSection(ExtensibilityGlobals) = postSolution
		SolutionGuid = {C8D68A23-C352-456B-8DE1-AE859700887B}
	EndGlobalSection
EndGlobal
